// !$*UTF8*$!
{
	archiveVersion = 1;
	classes = {
	};
	objectVersion = 46;
	objects = {

/* Begin PBXBuildFile section */
		04AD67DFA2A546049E06EB31 /* libPods-GM TaplistTests.a in Frameworks */ = {isa = PBXBuildFile; fileRef = 10366AC46BA04B28BB6370E0 /* libPods-GM TaplistTests.a */; };
		54EEE82219A9A19A005E4AAD /* GRMCollectionViewCell.xib in Resources */ = {isa = PBXBuildFile; fileRef = 54EEE82119A9A19A005E4AAD /* GRMCollectionViewCell.xib */; };
		54EEE82419AAF13F005E4AAD /* Async.swift in Sources */ = {isa = PBXBuildFile; fileRef = 54EEE82319AAF13F005E4AAD /* Async.swift */; };
		8133CDC92DBD4702BAB6A5BF /* libPods-GM Taplist.a in Frameworks */ = {isa = PBXBuildFile; fileRef = 0A9CEA85DE5F4F1EB02C5C42 /* libPods-GM Taplist.a */; };
		C313C19519AAC8A400E42784 /* FavoritesDataSource.swift in Sources */ = {isa = PBXBuildFile; fileRef = C313C19419AAC8A400E42784 /* FavoritesDataSource.swift */; };
		C313C19719AAC8B000E42784 /* AllBeersDataSource.swift in Sources */ = {isa = PBXBuildFile; fileRef = C313C19619AAC8B000E42784 /* AllBeersDataSource.swift */; };
		C338E14B19AA9783008A1D18 /* GRMCollectionViewDataSource.swift in Sources */ = {isa = PBXBuildFile; fileRef = C338E14A19AA9783008A1D18 /* GRMCollectionViewDataSource.swift */; };
		C34488EF19A9378100DFA647 /* CoreGraphics.framework in Frameworks */ = {isa = PBXBuildFile; fileRef = C34488EE19A9378100DFA647 /* CoreGraphics.framework */; };
		C34488F119A9378D00DFA647 /* CoreData.framework in Frameworks */ = {isa = PBXBuildFile; fileRef = C34488F019A9378D00DFA647 /* CoreData.framework */; };
		C34488F319A9379300DFA647 /* Accelerate.framework in Frameworks */ = {isa = PBXBuildFile; fileRef = C34488F219A9379300DFA647 /* Accelerate.framework */; };
		C38403AC19A930CF003F92A5 /* GRMCollectionViewController.swift in Sources */ = {isa = PBXBuildFile; fileRef = C38403AB19A930CF003F92A5 /* GRMCollectionViewController.swift */; };
		C38403AE19A93102003F92A5 /* GRMSettingsTableViewController.swift in Sources */ = {isa = PBXBuildFile; fileRef = C38403AD19A93102003F92A5 /* GRMSettingsTableViewController.swift */; };
		C38403B019A93173003F92A5 /* GRMCollectionViewCell.swift in Sources */ = {isa = PBXBuildFile; fileRef = C38403AF19A93173003F92A5 /* GRMCollectionViewCell.swift */; };
		C38403B419A93237003F92A5 /* GRMFirstLaunchViewController.swift in Sources */ = {isa = PBXBuildFile; fileRef = C38403B319A93237003F92A5 /* GRMFirstLaunchViewController.swift */; };
		C38403B919A932A8003F92A5 /* Beer+Accessors.swift in Sources */ = {isa = PBXBuildFile; fileRef = C38403B519A932A8003F92A5 /* Beer+Accessors.swift */; };
		C38403BA19A932A8003F92A5 /* Brewery+Accessors.swift in Sources */ = {isa = PBXBuildFile; fileRef = C38403B619A932A8003F92A5 /* Brewery+Accessors.swift */; };
		C38403BB19A932A8003F92A5 /* Store+Accessors.swift in Sources */ = {isa = PBXBuildFile; fileRef = C38403B719A932A8003F92A5 /* Store+Accessors.swift */; };
		C38403BC19A932A8003F92A5 /* Style+Accessors.swift in Sources */ = {isa = PBXBuildFile; fileRef = C38403B819A932A8003F92A5 /* Style+Accessors.swift */; };
		C38B3DA219AA8B5000E2C533 /* AlamoAPI.swift in Sources */ = {isa = PBXBuildFile; fileRef = C38B3DA119AA8B5000E2C533 /* AlamoAPI.swift */; };
		C3979DFB19B12A9800486172 /* User.swift in Sources */ = {isa = PBXBuildFile; fileRef = C3979DFA19B12A9800486172 /* User.swift */; };
		C3979DFD19B12A9800486172 /* BaseObject.swift in Sources */ = {isa = PBXBuildFile; fileRef = C3979DFC19B12A9800486172 /* BaseObject.swift */; };
		C3979DFF19B12A9800486172 /* Store.swift in Sources */ = {isa = PBXBuildFile; fileRef = C3979DFE19B12A9800486172 /* Store.swift */; };
		C3979E0119B12A9800486172 /* Brewery.swift in Sources */ = {isa = PBXBuildFile; fileRef = C3979E0019B12A9800486172 /* Brewery.swift */; };
		C3979E0319B12A9800486172 /* Style.swift in Sources */ = {isa = PBXBuildFile; fileRef = C3979E0219B12A9800486172 /* Style.swift */; };
		C3979E0519B12A9800486172 /* Device.swift in Sources */ = {isa = PBXBuildFile; fileRef = C3979E0419B12A9800486172 /* Device.swift */; };
		C3979E0719B12A9900486172 /* Beer.swift in Sources */ = {isa = PBXBuildFile; fileRef = C3979E0619B12A9900486172 /* Beer.swift */; };
		C3979E0919B12A9900486172 /* Review.swift in Sources */ = {isa = PBXBuildFile; fileRef = C3979E0819B12A9900486172 /* Review.swift */; };
		C3979E0B19B12AAC00486172 /* User+Accessors.swift in Sources */ = {isa = PBXBuildFile; fileRef = C3979E0A19B12AAC00486172 /* User+Accessors.swift */; };
		C3979E0D19B12B9900486172 /* Device+Accessors.swift in Sources */ = {isa = PBXBuildFile; fileRef = C3979E0C19B12B9900486172 /* Device+Accessors.swift */; };
		C3979E0F19B130AA00486172 /* DeviceRegister.swift in Sources */ = {isa = PBXBuildFile; fileRef = C3979E0E19B130AA00486172 /* DeviceRegister.swift */; };
		C3DB987219A16AA700EB4270 /* AppDelegate.swift in Sources */ = {isa = PBXBuildFile; fileRef = C3DB987119A16AA700EB4270 /* AppDelegate.swift */; };
		C3DB987519A16AA700EB4270 /* GM_Taplist.xcdatamodeld in Sources */ = {isa = PBXBuildFile; fileRef = C3DB987319A16AA700EB4270 /* GM_Taplist.xcdatamodeld */; };
		C3DB987A19A16AA700EB4270 /* Main.storyboard in Resources */ = {isa = PBXBuildFile; fileRef = C3DB987819A16AA700EB4270 /* Main.storyboard */; };
		C3DB987C19A16AA700EB4270 /* Images.xcassets in Resources */ = {isa = PBXBuildFile; fileRef = C3DB987B19A16AA700EB4270 /* Images.xcassets */; };
		C3DB98A919A1768500EB4270 /* API.swift in Sources */ = {isa = PBXBuildFile; fileRef = C3DB98A819A1768500EB4270 /* API.swift */; };
		C3DB98AB19A1777C00EB4270 /* Constants.swift in Sources */ = {isa = PBXBuildFile; fileRef = C3DB98AA19A1777C00EB4270 /* Constants.swift */; };
		C3DB98B119A17FC000EB4270 /* OnTapDataSource.swift in Sources */ = {isa = PBXBuildFile; fileRef = C3DB98B019A17FC000EB4270 /* OnTapDataSource.swift */; };
/* End PBXBuildFile section */

/* Begin PBXContainerItemProxy section */
		C3DB988219A16AA700EB4270 /* PBXContainerItemProxy */ = {
			isa = PBXContainerItemProxy;
			containerPortal = C3DB986419A16AA600EB4270 /* Project object */;
			proxyType = 1;
			remoteGlobalIDString = C3DB986B19A16AA700EB4270;
			remoteInfo = "GM Taplist";
		};
/* End PBXContainerItemProxy section */

/* Begin PBXFileReference section */
		0274F12F5AE64C8882E5928F /* Pods-GM TaplistTests.xcconfig */ = {isa = PBXFileReference; includeInIndex = 1; lastKnownFileType = text.xcconfig; name = "Pods-GM TaplistTests.xcconfig"; path = "Pods/Pods-GM TaplistTests.xcconfig"; sourceTree = "<group>"; };
		0A9CEA85DE5F4F1EB02C5C42 /* libPods-GM Taplist.a */ = {isa = PBXFileReference; explicitFileType = archive.ar; includeInIndex = 0; path = "libPods-GM Taplist.a"; sourceTree = BUILT_PRODUCTS_DIR; };
		10366AC46BA04B28BB6370E0 /* libPods-GM TaplistTests.a */ = {isa = PBXFileReference; explicitFileType = archive.ar; includeInIndex = 0; path = "libPods-GM TaplistTests.a"; sourceTree = BUILT_PRODUCTS_DIR; };
		2F878A6956A14BA0B0872465 /* Pods-GM Taplist.xcconfig */ = {isa = PBXFileReference; includeInIndex = 1; lastKnownFileType = text.xcconfig; name = "Pods-GM Taplist.xcconfig"; path = "Pods/Pods-GM Taplist.xcconfig"; sourceTree = "<group>"; };
		54EEE82119A9A19A005E4AAD /* GRMCollectionViewCell.xib */ = {isa = PBXFileReference; fileEncoding = 4; lastKnownFileType = file.xib; path = GRMCollectionViewCell.xib; sourceTree = "<group>"; };
		54EEE82319AAF13F005E4AAD /* Async.swift */ = {isa = PBXFileReference; fileEncoding = 4; lastKnownFileType = sourcecode.swift; path = Async.swift; sourceTree = "<group>"; };
		C313C19419AAC8A400E42784 /* FavoritesDataSource.swift */ = {isa = PBXFileReference; fileEncoding = 4; lastKnownFileType = sourcecode.swift; path = FavoritesDataSource.swift; sourceTree = "<group>"; };
		C313C19619AAC8B000E42784 /* AllBeersDataSource.swift */ = {isa = PBXFileReference; fileEncoding = 4; lastKnownFileType = sourcecode.swift; path = AllBeersDataSource.swift; sourceTree = "<group>"; };
		C338E14A19AA9783008A1D18 /* GRMCollectionViewDataSource.swift */ = {isa = PBXFileReference; fileEncoding = 4; lastKnownFileType = sourcecode.swift; path = GRMCollectionViewDataSource.swift; sourceTree = "<group>"; };
		C34488EE19A9378100DFA647 /* CoreGraphics.framework */ = {isa = PBXFileReference; lastKnownFileType = wrapper.framework; name = CoreGraphics.framework; path = System/Library/Frameworks/CoreGraphics.framework; sourceTree = SDKROOT; };
		C34488F019A9378D00DFA647 /* CoreData.framework */ = {isa = PBXFileReference; lastKnownFileType = wrapper.framework; name = CoreData.framework; path = System/Library/Frameworks/CoreData.framework; sourceTree = SDKROOT; };
		C34488F219A9379300DFA647 /* Accelerate.framework */ = {isa = PBXFileReference; lastKnownFileType = wrapper.framework; name = Accelerate.framework; path = System/Library/Frameworks/Accelerate.framework; sourceTree = SDKROOT; };
		C38403AB19A930CF003F92A5 /* GRMCollectionViewController.swift */ = {isa = PBXFileReference; fileEncoding = 4; lastKnownFileType = sourcecode.swift; path = GRMCollectionViewController.swift; sourceTree = "<group>"; };
		C38403AD19A93102003F92A5 /* GRMSettingsTableViewController.swift */ = {isa = PBXFileReference; fileEncoding = 4; lastKnownFileType = sourcecode.swift; path = GRMSettingsTableViewController.swift; sourceTree = "<group>"; };
		C38403AF19A93173003F92A5 /* GRMCollectionViewCell.swift */ = {isa = PBXFileReference; fileEncoding = 4; lastKnownFileType = sourcecode.swift; path = GRMCollectionViewCell.swift; sourceTree = "<group>"; };
		C38403B319A93237003F92A5 /* GRMFirstLaunchViewController.swift */ = {isa = PBXFileReference; fileEncoding = 4; lastKnownFileType = sourcecode.swift; path = GRMFirstLaunchViewController.swift; sourceTree = "<group>"; };
		C38403B519A932A8003F92A5 /* Beer+Accessors.swift */ = {isa = PBXFileReference; fileEncoding = 4; lastKnownFileType = sourcecode.swift; path = "Beer+Accessors.swift"; sourceTree = "<group>"; };
		C38403B619A932A8003F92A5 /* Brewery+Accessors.swift */ = {isa = PBXFileReference; fileEncoding = 4; lastKnownFileType = sourcecode.swift; path = "Brewery+Accessors.swift"; sourceTree = "<group>"; };
		C38403B719A932A8003F92A5 /* Store+Accessors.swift */ = {isa = PBXFileReference; fileEncoding = 4; lastKnownFileType = sourcecode.swift; path = "Store+Accessors.swift"; sourceTree = "<group>"; };
		C38403B819A932A8003F92A5 /* Style+Accessors.swift */ = {isa = PBXFileReference; fileEncoding = 4; lastKnownFileType = sourcecode.swift; path = "Style+Accessors.swift"; sourceTree = "<group>"; };
		C38B3DA119AA8B5000E2C533 /* AlamoAPI.swift */ = {isa = PBXFileReference; fileEncoding = 4; lastKnownFileType = sourcecode.swift; path = AlamoAPI.swift; sourceTree = "<group>"; };
		C3979DFA19B12A9800486172 /* User.swift */ = {isa = PBXFileReference; fileEncoding = 4; lastKnownFileType = sourcecode.swift; path = User.swift; sourceTree = "<group>"; };
		C3979DFC19B12A9800486172 /* BaseObject.swift */ = {isa = PBXFileReference; fileEncoding = 4; lastKnownFileType = sourcecode.swift; path = BaseObject.swift; sourceTree = "<group>"; };
		C3979DFE19B12A9800486172 /* Store.swift */ = {isa = PBXFileReference; fileEncoding = 4; lastKnownFileType = sourcecode.swift; path = Store.swift; sourceTree = "<group>"; };
		C3979E0019B12A9800486172 /* Brewery.swift */ = {isa = PBXFileReference; fileEncoding = 4; lastKnownFileType = sourcecode.swift; path = Brewery.swift; sourceTree = "<group>"; };
		C3979E0219B12A9800486172 /* Style.swift */ = {isa = PBXFileReference; fileEncoding = 4; lastKnownFileType = sourcecode.swift; path = Style.swift; sourceTree = "<group>"; };
		C3979E0419B12A9800486172 /* Device.swift */ = {isa = PBXFileReference; fileEncoding = 4; lastKnownFileType = sourcecode.swift; path = Device.swift; sourceTree = "<group>"; };
		C3979E0619B12A9900486172 /* Beer.swift */ = {isa = PBXFileReference; fileEncoding = 4; lastKnownFileType = sourcecode.swift; path = Beer.swift; sourceTree = "<group>"; };
		C3979E0819B12A9900486172 /* Review.swift */ = {isa = PBXFileReference; fileEncoding = 4; lastKnownFileType = sourcecode.swift; path = Review.swift; sourceTree = "<group>"; };
		C3979E0A19B12AAC00486172 /* User+Accessors.swift */ = {isa = PBXFileReference; fileEncoding = 4; lastKnownFileType = sourcecode.swift; path = "User+Accessors.swift"; sourceTree = "<group>"; };
		C3979E0C19B12B9900486172 /* Device+Accessors.swift */ = {isa = PBXFileReference; fileEncoding = 4; lastKnownFileType = sourcecode.swift; path = "Device+Accessors.swift"; sourceTree = "<group>"; };
		C3979E0E19B130AA00486172 /* DeviceRegister.swift */ = {isa = PBXFileReference; fileEncoding = 4; lastKnownFileType = sourcecode.swift; path = DeviceRegister.swift; sourceTree = "<group>"; };
		C3DB986C19A16AA700EB4270 /* GM Taplist.app */ = {isa = PBXFileReference; explicitFileType = wrapper.application; includeInIndex = 0; path = "GM Taplist.app"; sourceTree = BUILT_PRODUCTS_DIR; };
		C3DB987019A16AA700EB4270 /* Info.plist */ = {isa = PBXFileReference; lastKnownFileType = text.plist.xml; path = Info.plist; sourceTree = "<group>"; };
		C3DB987119A16AA700EB4270 /* AppDelegate.swift */ = {isa = PBXFileReference; lastKnownFileType = sourcecode.swift; path = AppDelegate.swift; sourceTree = "<group>"; };
		C3DB987419A16AA700EB4270 /* GM_Taplist.xcdatamodel */ = {isa = PBXFileReference; lastKnownFileType = wrapper.xcdatamodel; path = GM_Taplist.xcdatamodel; sourceTree = "<group>"; };
		C3DB987919A16AA700EB4270 /* Base */ = {isa = PBXFileReference; lastKnownFileType = file.storyboard; name = Base; path = Base.lproj/Main.storyboard; sourceTree = "<group>"; };
		C3DB987B19A16AA700EB4270 /* Images.xcassets */ = {isa = PBXFileReference; lastKnownFileType = folder.assetcatalog; path = Images.xcassets; sourceTree = "<group>"; };
		C3DB988119A16AA700EB4270 /* GM TaplistTests.xctest */ = {isa = PBXFileReference; explicitFileType = wrapper.cfbundle; includeInIndex = 0; path = "GM TaplistTests.xctest"; sourceTree = BUILT_PRODUCTS_DIR; };
		C3DB988619A16AA700EB4270 /* Info.plist */ = {isa = PBXFileReference; lastKnownFileType = text.plist.xml; path = Info.plist; sourceTree = "<group>"; };
		C3DB989F19A1760D00EB4270 /* GM Taplist-Bridging-Header.h */ = {isa = PBXFileReference; lastKnownFileType = sourcecode.c.h; name = "GM Taplist-Bridging-Header.h"; path = "../Core Data/GM Taplist-Bridging-Header.h"; sourceTree = "<group>"; };
		C3DB98A819A1768500EB4270 /* API.swift */ = {isa = PBXFileReference; fileEncoding = 4; lastKnownFileType = sourcecode.swift; path = API.swift; sourceTree = "<group>"; };
		C3DB98AA19A1777C00EB4270 /* Constants.swift */ = {isa = PBXFileReference; fileEncoding = 4; lastKnownFileType = sourcecode.swift; path = Constants.swift; sourceTree = "<group>"; };
		C3DB98B019A17FC000EB4270 /* OnTapDataSource.swift */ = {isa = PBXFileReference; fileEncoding = 4; lastKnownFileType = sourcecode.swift; path = OnTapDataSource.swift; sourceTree = "<group>"; };
/* End PBXFileReference section */

/* Begin PBXFrameworksBuildPhase section */
		C3DB986919A16AA700EB4270 /* Frameworks */ = {
			isa = PBXFrameworksBuildPhase;
			buildActionMask = 2147483647;
			files = (
				C34488F319A9379300DFA647 /* Accelerate.framework in Frameworks */,
				C34488F119A9378D00DFA647 /* CoreData.framework in Frameworks */,
				C34488EF19A9378100DFA647 /* CoreGraphics.framework in Frameworks */,
				8133CDC92DBD4702BAB6A5BF /* libPods-GM Taplist.a in Frameworks */,
			);
			runOnlyForDeploymentPostprocessing = 0;
		};
		C3DB987E19A16AA700EB4270 /* Frameworks */ = {
			isa = PBXFrameworksBuildPhase;
			buildActionMask = 2147483647;
			files = (
				04AD67DFA2A546049E06EB31 /* libPods-GM TaplistTests.a in Frameworks */,
			);
			runOnlyForDeploymentPostprocessing = 0;
		};
/* End PBXFrameworksBuildPhase section */

/* Begin PBXGroup section */
		A69452808001459BB0B203AD /* Frameworks */ = {
			isa = PBXGroup;
			children = (
				C34488F219A9379300DFA647 /* Accelerate.framework */,
				C34488F019A9378D00DFA647 /* CoreData.framework */,
				C34488EE19A9378100DFA647 /* CoreGraphics.framework */,
				0A9CEA85DE5F4F1EB02C5C42 /* libPods-GM Taplist.a */,
				10366AC46BA04B28BB6370E0 /* libPods-GM TaplistTests.a */,
			);
			name = Frameworks;
			sourceTree = "<group>";
		};
		C344892219AA88D600DFA647 /* Submodules */ = {
			isa = PBXGroup;
			children = (
				54EEE82319AAF13F005E4AAD /* Async.swift */,
			);
			name = Submodules;
			sourceTree = "<group>";
		};
		C3DB986319A16AA600EB4270 = {
			isa = PBXGroup;
			children = (
				C3DB986E19A16AA700EB4270 /* GM Taplist */,
				C3DB988419A16AA700EB4270 /* GM TaplistTests */,
				C3DB986D19A16AA700EB4270 /* Products */,
				2F878A6956A14BA0B0872465 /* Pods-GM Taplist.xcconfig */,
				A69452808001459BB0B203AD /* Frameworks */,
				0274F12F5AE64C8882E5928F /* Pods-GM TaplistTests.xcconfig */,
			);
			sourceTree = "<group>";
		};
		C3DB986D19A16AA700EB4270 /* Products */ = {
			isa = PBXGroup;
			children = (
				C3DB986C19A16AA700EB4270 /* GM Taplist.app */,
				C3DB988119A16AA700EB4270 /* GM TaplistTests.xctest */,
			);
			name = Products;
			sourceTree = "<group>";
		};
		C3DB986E19A16AA700EB4270 /* GM Taplist */ = {
			isa = PBXGroup;
			children = (
				C344892219AA88D600DFA647 /* Submodules */,
				C3DB989819A16B7F00EB4270 /* Classes */,
				C3DB989519A16B5000EB4270 /* Core Data */,
				C3DB989E19A16BD600EB4270 /* Constants */,
				C3DB989119A16B0700EB4270 /* Extensions */,
				C3DB989419A16B4400EB4270 /* Resources */,
				C3DB986F19A16AA700EB4270 /* Supporting Files */,
			);
			path = "GM Taplist";
			sourceTree = "<group>";
		};
		C3DB986F19A16AA700EB4270 /* Supporting Files */ = {
			isa = PBXGroup;
			children = (
				C3DB989F19A1760D00EB4270 /* GM Taplist-Bridging-Header.h */,
				C3DB987019A16AA700EB4270 /* Info.plist */,
			);
			path = "Supporting Files";
			sourceTree = "<group>";
		};
		C3DB988419A16AA700EB4270 /* GM TaplistTests */ = {
			isa = PBXGroup;
			children = (
				C3DB989219A16B2F00EB4270 /* Tests */,
				C3DB988519A16AA700EB4270 /* Supporting Files */,
			);
			path = "GM TaplistTests";
			sourceTree = "<group>";
		};
		C3DB988519A16AA700EB4270 /* Supporting Files */ = {
			isa = PBXGroup;
			children = (
				C3DB988619A16AA700EB4270 /* Info.plist */,
			);
			path = "Supporting Files";
			sourceTree = "<group>";
		};
		C3DB989119A16B0700EB4270 /* Extensions */ = {
			isa = PBXGroup;
			children = (
			);
			path = Extensions;
			sourceTree = "<group>";
		};
		C3DB989219A16B2F00EB4270 /* Tests */ = {
			isa = PBXGroup;
			children = (
			);
			path = Tests;
			sourceTree = "<group>";
		};
		C3DB989319A16B3A00EB4270 /* Delegates */ = {
			isa = PBXGroup;
			children = (
				C3DB987119A16AA700EB4270 /* AppDelegate.swift */,
			);
			path = Delegates;
			sourceTree = "<group>";
		};
		C3DB989419A16B4400EB4270 /* Resources */ = {
			isa = PBXGroup;
			children = (
				C3DB989719A16B6C00EB4270 /* Storyboards */,
				C3DB989619A16B6400EB4270 /* Nibs */,
				C3DB987B19A16AA700EB4270 /* Images.xcassets */,
			);
			path = Resources;
			sourceTree = "<group>";
		};
		C3DB989519A16B5000EB4270 /* Core Data */ = {
			isa = PBXGroup;
			children = (
				C3979E0819B12A9900486172 /* Review.swift */,
				C3979E0619B12A9900486172 /* Beer.swift */,
				C3979E0419B12A9800486172 /* Device.swift */,
				C3979E0219B12A9800486172 /* Style.swift */,
				C3979E0019B12A9800486172 /* Brewery.swift */,
				C3979DFE19B12A9800486172 /* Store.swift */,
				C3979DFC19B12A9800486172 /* BaseObject.swift */,
				C3979DFA19B12A9800486172 /* User.swift */,
				C3DB987319A16AA700EB4270 /* GM_Taplist.xcdatamodeld */,
			);
			path = "Core Data";
			sourceTree = "<group>";
		};
		C3DB989619A16B6400EB4270 /* Nibs */ = {
			isa = PBXGroup;
			children = (
				54EEE82119A9A19A005E4AAD /* GRMCollectionViewCell.xib */,
			);
			path = Nibs;
			sourceTree = "<group>";
		};
		C3DB989719A16B6C00EB4270 /* Storyboards */ = {
			isa = PBXGroup;
			children = (
				C3DB987819A16AA700EB4270 /* Main.storyboard */,
			);
			path = Storyboards;
			sourceTree = "<group>";
		};
		C3DB989819A16B7F00EB4270 /* Classes */ = {
			isa = PBXGroup;
			children = (
				C3DB989919A16B8500EB4270 /* Controllers */,
				C3DB989A19A16B8900EB4270 /* DataSources */,
				C3DB989319A16B3A00EB4270 /* Delegates */,
				C3DB989B19A16BA100EB4270 /* Models */,
				C3DB989C19A16BA600EB4270 /* View Controllers */,
				C3DB989D19A16BAE00EB4270 /* Views */,
			);
			path = Classes;
			sourceTree = "<group>";
		};
		C3DB989919A16B8500EB4270 /* Controllers */ = {
			isa = PBXGroup;
			children = (
				C3DB98A819A1768500EB4270 /* API.swift */,
				C38B3DA119AA8B5000E2C533 /* AlamoAPI.swift */,
				C3979E0E19B130AA00486172 /* DeviceRegister.swift */,
			);
			path = Controllers;
			sourceTree = "<group>";
		};
		C3DB989A19A16B8900EB4270 /* DataSources */ = {
			isa = PBXGroup;
			children = (
				C313C19619AAC8B000E42784 /* AllBeersDataSource.swift */,
				C313C19419AAC8A400E42784 /* FavoritesDataSource.swift */,
				C3DB98B019A17FC000EB4270 /* OnTapDataSource.swift */,
				C338E14A19AA9783008A1D18 /* GRMCollectionViewDataSource.swift */,
			);
			path = DataSources;
			sourceTree = "<group>";
		};
		C3DB989B19A16BA100EB4270 /* Models */ = {
			isa = PBXGroup;
			children = (
				C38403B519A932A8003F92A5 /* Beer+Accessors.swift */,
				C38403B619A932A8003F92A5 /* Brewery+Accessors.swift */,
				C38403B719A932A8003F92A5 /* Store+Accessors.swift */,
				C38403B819A932A8003F92A5 /* Style+Accessors.swift */,
				C3979E0A19B12AAC00486172 /* User+Accessors.swift */,
				C3979E0C19B12B9900486172 /* Device+Accessors.swift */,
			);
			path = Models;
			sourceTree = "<group>";
		};
		C3DB989C19A16BA600EB4270 /* View Controllers */ = {
			isa = PBXGroup;
			children = (
				C38403AB19A930CF003F92A5 /* GRMCollectionViewController.swift */,
				C38403AD19A93102003F92A5 /* GRMSettingsTableViewController.swift */,
				C38403B319A93237003F92A5 /* GRMFirstLaunchViewController.swift */,
			);
			path = "View Controllers";
			sourceTree = "<group>";
		};
		C3DB989D19A16BAE00EB4270 /* Views */ = {
			isa = PBXGroup;
			children = (
				C38403AF19A93173003F92A5 /* GRMCollectionViewCell.swift */,
			);
			path = Views;
			sourceTree = "<group>";
		};
		C3DB989E19A16BD600EB4270 /* Constants */ = {
			isa = PBXGroup;
			children = (
				C3DB98AA19A1777C00EB4270 /* Constants.swift */,
			);
			path = Constants;
			sourceTree = "<group>";
		};
/* End PBXGroup section */

/* Begin PBXNativeTarget section */
		C3DB986B19A16AA700EB4270 /* GM Taplist */ = {
			isa = PBXNativeTarget;
			buildConfigurationList = C3DB988B19A16AA700EB4270 /* Build configuration list for PBXNativeTarget "GM Taplist" */;
			buildPhases = (
				B0058189ACE54186B0DF096E /* Check Pods Manifest.lock */,
				C3DB986819A16AA700EB4270 /* Sources */,
				C3DB986919A16AA700EB4270 /* Frameworks */,
				C3DB986A19A16AA700EB4270 /* Resources */,
				A02E7EAA7A594CAB9F651CC3 /* Copy Pods Resources */,
			);
			buildRules = (
			);
			dependencies = (
			);
			name = "GM Taplist";
			productName = "GM Taplist";
			productReference = C3DB986C19A16AA700EB4270 /* GM Taplist.app */;
			productType = "com.apple.product-type.application";
		};
		C3DB988019A16AA700EB4270 /* GM TaplistTests */ = {
			isa = PBXNativeTarget;
			buildConfigurationList = C3DB988E19A16AA700EB4270 /* Build configuration list for PBXNativeTarget "GM TaplistTests" */;
			buildPhases = (
				C847858FD8944FBAB65FFDE8 /* Check Pods Manifest.lock */,
				C3DB987D19A16AA700EB4270 /* Sources */,
				C3DB987E19A16AA700EB4270 /* Frameworks */,
				C3DB987F19A16AA700EB4270 /* Resources */,
				EC744A2077DB4EA3A4767C9F /* Copy Pods Resources */,
			);
			buildRules = (
			);
			dependencies = (
				C3DB988319A16AA700EB4270 /* PBXTargetDependency */,
			);
			name = "GM TaplistTests";
			productName = "GM TaplistTests";
			productReference = C3DB988119A16AA700EB4270 /* GM TaplistTests.xctest */;
			productType = "com.apple.product-type.bundle.unit-test";
		};
/* End PBXNativeTarget section */

/* Begin PBXProject section */
		C3DB986419A16AA600EB4270 /* Project object */ = {
			isa = PBXProject;
			attributes = {
				LastUpgradeCheck = 0600;
				ORGANIZATIONNAME = "Growl Movement";
				TargetAttributes = {
					C3DB986B19A16AA700EB4270 = {
						CreatedOnToolsVersion = 6.0;
					};
					C3DB988019A16AA700EB4270 = {
						CreatedOnToolsVersion = 6.0;
						TestTargetID = C3DB986B19A16AA700EB4270;
					};
				};
			};
			buildConfigurationList = C3DB986719A16AA600EB4270 /* Build configuration list for PBXProject "GM Taplist" */;
			compatibilityVersion = "Xcode 3.2";
			developmentRegion = English;
			hasScannedForEncodings = 0;
			knownRegions = (
				en,
				Base,
			);
			mainGroup = C3DB986319A16AA600EB4270;
			productRefGroup = C3DB986D19A16AA700EB4270 /* Products */;
			projectDirPath = "";
			projectRoot = "";
			targets = (
				C3DB986B19A16AA700EB4270 /* GM Taplist */,
				C3DB988019A16AA700EB4270 /* GM TaplistTests */,
			);
		};
/* End PBXProject section */

/* Begin PBXResourcesBuildPhase section */
		C3DB986A19A16AA700EB4270 /* Resources */ = {
			isa = PBXResourcesBuildPhase;
			buildActionMask = 2147483647;
			files = (
				C3DB987A19A16AA700EB4270 /* Main.storyboard in Resources */,
				C3DB987C19A16AA700EB4270 /* Images.xcassets in Resources */,
				54EEE82219A9A19A005E4AAD /* GRMCollectionViewCell.xib in Resources */,
			);
			runOnlyForDeploymentPostprocessing = 0;
		};
		C3DB987F19A16AA700EB4270 /* Resources */ = {
			isa = PBXResourcesBuildPhase;
			buildActionMask = 2147483647;
			files = (
			);
			runOnlyForDeploymentPostprocessing = 0;
		};
/* End PBXResourcesBuildPhase section */

/* Begin PBXShellScriptBuildPhase section */
		A02E7EAA7A594CAB9F651CC3 /* Copy Pods Resources */ = {
			isa = PBXShellScriptBuildPhase;
			buildActionMask = 2147483647;
			files = (
			);
			inputPaths = (
			);
			name = "Copy Pods Resources";
			outputPaths = (
			);
			runOnlyForDeploymentPostprocessing = 0;
			shellPath = /bin/sh;
			shellScript = "\"${SRCROOT}/Pods/Pods-GM Taplist-resources.sh\"\n";
			showEnvVarsInLog = 0;
		};
		B0058189ACE54186B0DF096E /* Check Pods Manifest.lock */ = {
			isa = PBXShellScriptBuildPhase;
			buildActionMask = 2147483647;
			files = (
			);
			inputPaths = (
			);
			name = "Check Pods Manifest.lock";
			outputPaths = (
			);
			runOnlyForDeploymentPostprocessing = 0;
			shellPath = /bin/sh;
			shellScript = "diff \"${PODS_ROOT}/../Podfile.lock\" \"${PODS_ROOT}/Manifest.lock\" > /dev/null\nif [[ $? != 0 ]] ; then\n    cat << EOM\nerror: The sandbox is not in sync with the Podfile.lock. Run 'pod install' or update your CocoaPods installation.\nEOM\n    exit 1\nfi\n";
			showEnvVarsInLog = 0;
		};
		C847858FD8944FBAB65FFDE8 /* Check Pods Manifest.lock */ = {
			isa = PBXShellScriptBuildPhase;
			buildActionMask = 2147483647;
			files = (
			);
			inputPaths = (
			);
			name = "Check Pods Manifest.lock";
			outputPaths = (
			);
			runOnlyForDeploymentPostprocessing = 0;
			shellPath = /bin/sh;
			shellScript = "diff \"${PODS_ROOT}/../Podfile.lock\" \"${PODS_ROOT}/Manifest.lock\" > /dev/null\nif [[ $? != 0 ]] ; then\n    cat << EOM\nerror: The sandbox is not in sync with the Podfile.lock. Run 'pod install' or update your CocoaPods installation.\nEOM\n    exit 1\nfi\n";
			showEnvVarsInLog = 0;
		};
		EC744A2077DB4EA3A4767C9F /* Copy Pods Resources */ = {
			isa = PBXShellScriptBuildPhase;
			buildActionMask = 2147483647;
			files = (
			);
			inputPaths = (
			);
			name = "Copy Pods Resources";
			outputPaths = (
			);
			runOnlyForDeploymentPostprocessing = 0;
			shellPath = /bin/sh;
			shellScript = "\"${SRCROOT}/Pods/Pods-GM TaplistTests-resources.sh\"\n";
			showEnvVarsInLog = 0;
		};
/* End PBXShellScriptBuildPhase section */

/* Begin PBXSourcesBuildPhase section */
		C3DB986819A16AA700EB4270 /* Sources */ = {
			isa = PBXSourcesBuildPhase;
			buildActionMask = 2147483647;
			files = (
				C38403BA19A932A8003F92A5 /* Brewery+Accessors.swift in Sources */,
				C38403AE19A93102003F92A5 /* GRMSettingsTableViewController.swift in Sources */,
				C3DB987219A16AA700EB4270 /* AppDelegate.swift in Sources */,
				C3DB987519A16AA700EB4270 /* GM_Taplist.xcdatamodeld in Sources */,
				C3979E0D19B12B9900486172 /* Device+Accessors.swift in Sources */,
				C38403B419A93237003F92A5 /* GRMFirstLaunchViewController.swift in Sources */,
				C3979E0719B12A9900486172 /* Beer.swift in Sources */,
				C38403BC19A932A8003F92A5 /* Style+Accessors.swift in Sources */,
				C3979E0F19B130AA00486172 /* DeviceRegister.swift in Sources */,
				C3979E0119B12A9800486172 /* Brewery.swift in Sources */,
				C3979E0319B12A9800486172 /* Style.swift in Sources */,
				C3DB98A919A1768500EB4270 /* API.swift in Sources */,
				C38403B019A93173003F92A5 /* GRMCollectionViewCell.swift in Sources */,
				C3979DFB19B12A9800486172 /* User.swift in Sources */,
				C313C19519AAC8A400E42784 /* FavoritesDataSource.swift in Sources */,
				54EEE82419AAF13F005E4AAD /* Async.swift in Sources */,
				C3979DFD19B12A9800486172 /* BaseObject.swift in Sources */,
				C338E14B19AA9783008A1D18 /* GRMCollectionViewDataSource.swift in Sources */,
				C3DB98AB19A1777C00EB4270 /* Constants.swift in Sources */,
				C38B3DA219AA8B5000E2C533 /* AlamoAPI.swift in Sources */,
				C38403AC19A930CF003F92A5 /* GRMCollectionViewController.swift in Sources */,
				C3979E0919B12A9900486172 /* Review.swift in Sources */,
				C3979DFF19B12A9800486172 /* Store.swift in Sources */,
				C38403B919A932A8003F92A5 /* Beer+Accessors.swift in Sources */,
				C38403BB19A932A8003F92A5 /* Store+Accessors.swift in Sources */,
				C3DB98B119A17FC000EB4270 /* OnTapDataSource.swift in Sources */,
				C313C19719AAC8B000E42784 /* AllBeersDataSource.swift in Sources */,
				C3979E0519B12A9800486172 /* Device.swift in Sources */,
				C3979E0B19B12AAC00486172 /* User+Accessors.swift in Sources */,
			);
			runOnlyForDeploymentPostprocessing = 0;
		};
		C3DB987D19A16AA700EB4270 /* Sources */ = {
			isa = PBXSourcesBuildPhase;
			buildActionMask = 2147483647;
			files = (
			);
			runOnlyForDeploymentPostprocessing = 0;
		};
/* End PBXSourcesBuildPhase section */

/* Begin PBXTargetDependency section */
		C3DB988319A16AA700EB4270 /* PBXTargetDependency */ = {
			isa = PBXTargetDependency;
			target = C3DB986B19A16AA700EB4270 /* GM Taplist */;
			targetProxy = C3DB988219A16AA700EB4270 /* PBXContainerItemProxy */;
		};
/* End PBXTargetDependency section */

/* Begin PBXVariantGroup section */
		C3DB987819A16AA700EB4270 /* Main.storyboard */ = {
			isa = PBXVariantGroup;
			children = (
				C3DB987919A16AA700EB4270 /* Base */,
			);
			name = Main.storyboard;
			sourceTree = "<group>";
		};
/* End PBXVariantGroup section */

/* Begin XCBuildConfiguration section */
		C3DB988919A16AA700EB4270 /* Debug */ = {
			isa = XCBuildConfiguration;
			buildSettings = {
				ALWAYS_SEARCH_USER_PATHS = NO;
				CLANG_CXX_LANGUAGE_STANDARD = "gnu++0x";
				CLANG_CXX_LIBRARY = "libc++";
				CLANG_ENABLE_MODULES = YES;
				CLANG_ENABLE_OBJC_ARC = YES;
				CLANG_WARN_BOOL_CONVERSION = YES;
				CLANG_WARN_CONSTANT_CONVERSION = YES;
				CLANG_WARN_DIRECT_OBJC_ISA_USAGE = YES_ERROR;
				CLANG_WARN_EMPTY_BODY = YES;
				CLANG_WARN_ENUM_CONVERSION = YES;
				CLANG_WARN_INT_CONVERSION = YES;
				CLANG_WARN_OBJC_ROOT_CLASS = YES_ERROR;
				CLANG_WARN_UNREACHABLE_CODE = YES;
				CLANG_WARN__DUPLICATE_METHOD_MATCH = YES;
				"CODE_SIGN_IDENTITY[sdk=iphoneos*]" = "iPhone Developer";
				COPY_PHASE_STRIP = NO;
				ENABLE_STRICT_OBJC_MSGSEND = YES;
				GCC_C_LANGUAGE_STANDARD = gnu99;
				GCC_DYNAMIC_NO_PIC = NO;
				GCC_OPTIMIZATION_LEVEL = 0;
				GCC_PREPROCESSOR_DEFINITIONS = (
					"DEBUG=1",
					"$(inherited)",
				);
				GCC_SYMBOLS_PRIVATE_EXTERN = NO;
				GCC_WARN_64_TO_32_BIT_CONVERSION = YES;
				GCC_WARN_ABOUT_RETURN_TYPE = YES_ERROR;
				GCC_WARN_UNDECLARED_SELECTOR = YES;
				GCC_WARN_UNINITIALIZED_AUTOS = YES_AGGRESSIVE;
				GCC_WARN_UNUSED_FUNCTION = YES;
				GCC_WARN_UNUSED_VARIABLE = YES;
				IPHONEOS_DEPLOYMENT_TARGET = 8.0;
				MTL_ENABLE_DEBUG_INFO = YES;
				ONLY_ACTIVE_ARCH = YES;
				SDKROOT = iphoneos;
				SWIFT_OPTIMIZATION_LEVEL = "-Onone";
				TARGETED_DEVICE_FAMILY = "1,2";
			};
			name = Debug;
		};
		C3DB988A19A16AA700EB4270 /* Release */ = {
			isa = XCBuildConfiguration;
			buildSettings = {
				ALWAYS_SEARCH_USER_PATHS = NO;
				CLANG_CXX_LANGUAGE_STANDARD = "gnu++0x";
				CLANG_CXX_LIBRARY = "libc++";
				CLANG_ENABLE_MODULES = YES;
				CLANG_ENABLE_OBJC_ARC = YES;
				CLANG_WARN_BOOL_CONVERSION = YES;
				CLANG_WARN_CONSTANT_CONVERSION = YES;
				CLANG_WARN_DIRECT_OBJC_ISA_USAGE = YES_ERROR;
				CLANG_WARN_EMPTY_BODY = YES;
				CLANG_WARN_ENUM_CONVERSION = YES;
				CLANG_WARN_INT_CONVERSION = YES;
				CLANG_WARN_OBJC_ROOT_CLASS = YES_ERROR;
				CLANG_WARN_UNREACHABLE_CODE = YES;
				CLANG_WARN__DUPLICATE_METHOD_MATCH = YES;
				"CODE_SIGN_IDENTITY[sdk=iphoneos*]" = "iPhone Developer";
				COPY_PHASE_STRIP = YES;
				ENABLE_NS_ASSERTIONS = NO;
				ENABLE_STRICT_OBJC_MSGSEND = YES;
				GCC_C_LANGUAGE_STANDARD = gnu99;
				GCC_WARN_64_TO_32_BIT_CONVERSION = YES;
				GCC_WARN_ABOUT_RETURN_TYPE = YES_ERROR;
				GCC_WARN_UNDECLARED_SELECTOR = YES;
				GCC_WARN_UNINITIALIZED_AUTOS = YES_AGGRESSIVE;
				GCC_WARN_UNUSED_FUNCTION = YES;
				GCC_WARN_UNUSED_VARIABLE = YES;
				IPHONEOS_DEPLOYMENT_TARGET = 8.0;
				MTL_ENABLE_DEBUG_INFO = NO;
				SDKROOT = iphoneos;
				TARGETED_DEVICE_FAMILY = "1,2";
				VALIDATE_PRODUCT = YES;
			};
			name = Release;
		};
		C3DB988C19A16AA700EB4270 /* Debug */ = {
			isa = XCBuildConfiguration;
			baseConfigurationReference = 2F878A6956A14BA0B0872465 /* Pods-GM Taplist.xcconfig */;
			buildSettings = {
				ASSETCATALOG_COMPILER_APPICON_NAME = AppIcon;
				ASSETCATALOG_COMPILER_LAUNCHIMAGE_NAME = LaunchImage;
				CLANG_ENABLE_MODULES = YES;
				INFOPLIST_FILE = "GM Taplist/Supporting Files/Info.plist";
				LD_RUNPATH_SEARCH_PATHS = "$(inherited) @executable_path/Frameworks";
				PRODUCT_NAME = "$(TARGET_NAME)";
				SWIFT_OBJC_BRIDGING_HEADER = "GM Taplist/Core Data/GM Taplist-Bridging-Header.h";
				SWIFT_OPTIMIZATION_LEVEL = "-Onone";
				TARGETED_DEVICE_FAMILY = "1,2";
			};
			name = Debug;
		};
		C3DB988D19A16AA700EB4270 /* Release */ = {
			isa = XCBuildConfiguration;
			baseConfigurationReference = 2F878A6956A14BA0B0872465 /* Pods-GM Taplist.xcconfig */;
			buildSettings = {
				ASSETCATALOG_COMPILER_APPICON_NAME = AppIcon;
				ASSETCATALOG_COMPILER_LAUNCHIMAGE_NAME = LaunchImage;
				CLANG_ENABLE_MODULES = YES;
				INFOPLIST_FILE = "GM Taplist/Supporting Files/Info.plist";
				LD_RUNPATH_SEARCH_PATHS = "$(inherited) @executable_path/Frameworks";
				PRODUCT_NAME = "$(TARGET_NAME)";
				SWIFT_OBJC_BRIDGING_HEADER = "GM Taplist/Core Data/GM Taplist-Bridging-Header.h";
				TARGETED_DEVICE_FAMILY = "1,2";
			};
			name = Release;
		};
		C3DB988F19A16AA700EB4270 /* Debug */ = {
			isa = XCBuildConfiguration;
			baseConfigurationReference = 0274F12F5AE64C8882E5928F /* Pods-GM TaplistTests.xcconfig */;
			buildSettings = {
				BUNDLE_LOADER = "$(TEST_HOST)";
				FRAMEWORK_SEARCH_PATHS = (
					"$(SDKROOT)/Developer/Library/Frameworks",
					"$(inherited)",
				);
				GCC_PREPROCESSOR_DEFINITIONS = (
					"DEBUG=1",
					"$(inherited)",
				);
				INFOPLIST_FILE = "GM TaplistTests/Supporting Files/Info.plist";
				LD_RUNPATH_SEARCH_PATHS = "$(inherited) @executable_path/Frameworks @loader_path/Frameworks";
				PRODUCT_NAME = "$(TARGET_NAME)";
				TEST_HOST = "$(BUILT_PRODUCTS_DIR)/GM Taplist.app/GM Taplist";
			};
			name = Debug;
		};
		C3DB989019A16AA700EB4270 /* Release */ = {
			isa = XCBuildConfiguration;
			baseConfigurationReference = 0274F12F5AE64C8882E5928F /* Pods-GM TaplistTests.xcconfig */;
			buildSettings = {
				BUNDLE_LOADER = "$(TEST_HOST)";
				FRAMEWORK_SEARCH_PATHS = (
					"$(SDKROOT)/Developer/Library/Frameworks",
					"$(inherited)",
				);
				INFOPLIST_FILE = "GM TaplistTests/Supporting Files/Info.plist";
				LD_RUNPATH_SEARCH_PATHS = "$(inherited) @executable_path/Frameworks @loader_path/Frameworks";
				PRODUCT_NAME = "$(TARGET_NAME)";
				TEST_HOST = "$(BUILT_PRODUCTS_DIR)/GM Taplist.app/GM Taplist";
			};
			name = Release;
		};
/* End XCBuildConfiguration section */

/* Begin XCConfigurationList section */
		C3DB986719A16AA600EB4270 /* Build configuration list for PBXProject "GM Taplist" */ = {
			isa = XCConfigurationList;
			buildConfigurations = (
				C3DB988919A16AA700EB4270 /* Debug */,
				C3DB988A19A16AA700EB4270 /* Release */,
			);
			defaultConfigurationIsVisible = 0;
			defaultConfigurationName = Release;
		};
		C3DB988B19A16AA700EB4270 /* Build configuration list for PBXNativeTarget "GM Taplist" */ = {
			isa = XCConfigurationList;
			buildConfigurations = (
				C3DB988C19A16AA700EB4270 /* Debug */,
				C3DB988D19A16AA700EB4270 /* Release */,
			);
			defaultConfigurationIsVisible = 0;
			defaultConfigurationName = Release;
		};
		C3DB988E19A16AA700EB4270 /* Build configuration list for PBXNativeTarget "GM TaplistTests" */ = {
			isa = XCConfigurationList;
			buildConfigurations = (
				C3DB988F19A16AA700EB4270 /* Debug */,
				C3DB989019A16AA700EB4270 /* Release */,
			);
			defaultConfigurationIsVisible = 0;
			defaultConfigurationName = Release;
		};
/* End XCConfigurationList section */

/* Begin XCVersionGroup section */
		C3DB987319A16AA700EB4270 /* GM_Taplist.xcdatamodeld */ = {
			isa = XCVersionGroup;
			children = (
				C3DB987419A16AA700EB4270 /* GM_Taplist.xcdatamodel */,
			);
			currentVersion = C3DB987419A16AA700EB4270 /* GM_Taplist.xcdatamodel */;
			path = GM_Taplist.xcdatamodeld;
			sourceTree = "<group>";
			versionGroupType = wrapper.xcdatamodel;
		};
/* End XCVersionGroup section */
	};
	rootObject = C3DB986419A16AA600EB4270 /* Project object */;
}
